<?xml version="1.0" encoding="utf-8"?>
<Project ToolsVersion="4.0" xmlns="http://schemas.microsoft.com/developer/msbuild/2003">
  <ItemGroup>
    <Filter Include="Fichiers sources">
      <UniqueIdentifier>{4FC737F1-C7A5-4376-A066-2A32D752A2FF}</UniqueIdentifier>
      <Extensions>cpp;c;cc;cxx;c++;cppm;ixx;def;odl;idl;hpj;bat;asm;asmx</Extensions>
    </Filter>
    <Filter Include="Fichiers d%27en-tête">
      <UniqueIdentifier>{93995380-89BD-4b04-88EB-625FBE52EBFB}</UniqueIdentifier>
      <Extensions>h;hh;hpp;hxx;h++;hm;inl;inc;ipp;xsd</Extensions>
    </Filter>
    <Filter Include="Fichiers de ressources">
      <UniqueIdentifier>{67DA6AB6-F800-4c08-8B7A-83BB121AAD01}</UniqueIdentifier>
      <Extensions>rc;ico;cur;bmp;dlg;rc2;rct;bin;rgs;gif;jpg;jpeg;jpe;resx;tiff;tif;png;wav;mfcribbon-ms</Extensions>
    </Filter>
    <Filter Include="Fichiers d%27en-tête\raylib">
      <UniqueIdentifier>{68b747c3-d67c-4835-8f03-cbc3a03f6e8c}</UniqueIdentifier>
    </Filter>
    <Filter Include="Fichiers sources\renderer">
      <UniqueIdentifier>{e83d490c-e471-4480-96e5-8bf640bd12b4}</UniqueIdentifier>
    </Filter>
    <Filter Include="Fichiers sources\core">
      <UniqueIdentifier>{e7b86ef4-ce7a-49fd-a652-76ec993cfd20}</UniqueIdentifier>
    </Filter>
  </ItemGroup>
  <ItemGroup>
    <ClCompile Include="src\main.cpp">
      <Filter>Fichiers sources</Filter>
    </ClCompile>
    <ClCompile Include="src\Renderer\RaylibRenderer.cpp">
      <Filter>Fichiers sources\renderer</Filter>
    </ClCompile>
    <ClCompile Include="src\Core\Interpreter.cpp">
      <Filter>Fichiers sources\core</Filter>
    </ClCompile>
  </ItemGroup>
  <ItemGroup>
    <ClInclude Include="include\raylib\raylib.h">
      <Filter>Fichiers d%27en-tête\raylib</Filter>
    </ClInclude>
    <ClInclude Include="include\raylib\raymath.h">
      <Filter>Fichiers d%27en-tête\raylib</Filter>
    </ClInclude>
    <ClInclude Include="include\raylib\rlgl.h">
      <Filter>Fichiers d%27en-tête\raylib</Filter>
    </ClInclude>
    <ClInclude Include="src\Renderer\IRenderer.hpp">
      <Filter>Fichiers sources\renderer</Filter>
    </ClInclude>
    <ClInclude Include="src\Renderer\RaylibRenderer.hpp">
      <Filter>Fichiers sources\renderer</Filter>
    </ClInclude>
    <ClInclude Include="src\Core\Interpreter.hpp">
      <Filter>Fichiers sources\core</Filter>
    </ClInclude>
  </ItemGroup>
</Project>